{
  "name": "my-prisma-project",
  "version": "1.0.0",
  "lockfileVersion": 2,
  "requires": true,
  "packages": {
    "": {
      "name": "my-prisma-project",
      "version": "1.0.0",
      "license": "ISC",
      "dependencies": {
        "@prisma/client": "^3.3.0"
      },
      "devDependencies": {
        "prisma": "^3.3.0"
      }
    },
    "node_modules/@prisma/client": {
      "version": "3.3.0",
      "resolved": "https://registry.npmjs.org/@prisma/client/-/client-3.3.0.tgz",
      "integrity": "sha512-34tonDW2v74VcG1mx+k/IUGG/eSHKwDiYKfFIZgaPLq/C0h8YQxh7pro272xpOf1pt6duX1Bi90dpGijh1MYgQ==",
      "hasInstallScript": true,
      "dependencies": {
        "@prisma/engines-version": "3.3.0-30.33838b0f78f1fe9052cf9a00e9761c9dc097a63c"
      },
      "engines": {
        "node": ">=12.6"
      },
      "peerDependencies": {
        "prisma": "*"
      },
      "peerDependenciesMeta": {
        "prisma": {
          "optional": true
        }
      }
    },
    "node_modules/@prisma/engines": {
      "version": "3.3.0-30.33838b0f78f1fe9052cf9a00e9761c9dc097a63c",
      "resolved": "https://registry.npmjs.org/@prisma/engines/-/engines-3.3.0-30.33838b0f78f1fe9052cf9a00e9761c9dc097a63c.tgz",
      "integrity": "sha512-T3nEnRWmoneNZJPd9IBR29G8ZDUjNelA8+cG5y8/lh6vySm6ryWSNxj1s377U9YzFYyZmXiA9vK1iyxMoRff/g==",
      "devOptional": true,
      "hasInstallScript": true
    },
    "node_modules/@prisma/engines-version": {
      "version": "3.3.0-30.33838b0f78f1fe9052cf9a00e9761c9dc097a63c",
      "resolved": "https://registry.npmjs.org/@prisma/engines-version/-/engines-version-3.3.0-30.33838b0f78f1fe9052cf9a00e9761c9dc097a63c.tgz",
      "integrity": "sha512-g21xPYq0zHoJ/xUkNxIf5Hle0oiDyelZHU8gwq7J3RNVrccjbUZ28S99KT4yUabV8SQQRNSnR0QMLGMv9Eqs/A=="
    },
    "node_modules/prisma": {
      "version": "3.3.0",
      "resolved": "https://registry.npmjs.org/prisma/-/prisma-3.3.0.tgz",
      "integrity": "sha512-E7C9mXRwZVpcnSeJT533qGHUVrYULsE9ihFvAtQMuxhTXkxoRlMLyo/1ZOyeu9GdXP8DJ7ruLOw06kEs/N3dVg==",
      "devOptional": true,
      "hasInstallScript": true,
      "dependencies": {
        "@prisma/engines": "3.3.0-30.33838b0f78f1fe9052cf9a00e9761c9dc097a63c"
      },
      "bin": {
        "prisma": "build/index.js",
        "prisma2": "build/index.js"
      },
      "engines": {
        "node": ">=12.6"
      }
    }
  },
  "dependencies": {
    "@prisma/client": {
      "version": "3.3.0",
      "resolved": "https://registry.npmjs.org/@prisma/client/-/client-3.3.0.tgz",
      "integrity": "sha512-34tonDW2v74VcG1mx+k/IUGG/eSHKwDiYKfFIZgaPLq/C0h8YQxh7pro272xpOf1pt6duX1Bi90dpGijh1MYgQ==",
      "requires": {
        "@prisma/engines-version": "3.3.0-30.33838b0f78f1fe9052cf9a00e9761c9dc097a63c"
      }
    },
    "@prisma/engines": {
      "version": "3.3.0-30.33838b0f78f1fe9052cf9a00e9761c9dc097a63c",
      "resolved": "https://registry.npmjs.org/@prisma/engines/-/engines-3.3.0-30.33838b0f78f1fe9052cf9a00e9761c9dc097a63c.tgz",
      "integrity": "sha512-T3nEnRWmoneNZJPd9IBR29G8ZDUjNelA8+cG5y8/lh6vySm6ryWSNxj1s377U9YzFYyZmXiA9vK1iyxMoRff/g==",
      "devOptional": true
    },
    "@prisma/engines-version": {
      "version": "3.3.0-30.33838b0f78f1fe9052cf9a00e9761c9dc097a63c",
      "resolved": "https://registry.npmjs.org/@prisma/engines-version/-/engines-version-3.3.0-30.33838b0f78f1fe9052cf9a00e9761c9dc097a63c.tgz",
      "integrity": "sha512-g21xPYq0zHoJ/xUkNxIf5Hle0oiDyelZHU8gwq7J3RNVrccjbUZ28S99KT4yUabV8SQQRNSnR0QMLGMv9Eqs/A=="
    },
    "prisma": {
      "version": "3.3.0",
      "resolved": "https://registry.npmjs.org/prisma/-/prisma-3.3.0.tgz",
      "integrity": "sha512-E7C9mXRwZVpcnSeJT533qGHUVrYULsE9ihFvAtQMuxhTXkxoRlMLyo/1ZOyeu9GdXP8DJ7ruLOw06kEs/N3dVg==",
      "devOptional": true,
      "requires": {
        "@prisma/engines": "3.3.0-30.33838b0f78f1fe9052cf9a00e9761c9dc097a63c"
      }
    }
  }
}
